
Microsoft Visual Studio Solution File, Format Version 12.00
# Visual Studio Version 16
VisualStudioVersion = 16.0.33214.272
MinimumVisualStudioVersion = 10.0.40219.1
Project("{FAE04EC0-301F-11D3-BF4B-00C04F79EFBC}") = "StudentsDairy", "StudentsDairy\StudentsDairy.csproj", "{B9E032FD-9030-47BE-B3C5-FFBD90D05E7F}"
EndProject
Global
	GlobalSection(SolutionConfigurationPlatforms) = preSolution
		Debug|Any CPU = Debug|Any CPU
		Release|Any CPU = Release|Any CPU
	EndGlobalSection
	GlobalSection(ProjectConfigurationPlatforms) = postSolution
		{B9E032FD-9030-47BE-B3C5-FFBD90D05E7F}.Debug|Any CPU.ActiveCfg = Debug|Any CPU
		{B9E032FD-9030-47BE-B3C5-FFBD90D05E7F}.Debug|Any CPU.Build.0 = Debug|Any CPU
		{B9E032FD-9030-47BE-B3C5-FFBD90D05E7F}.Release|Any CPU.ActiveCfg = Release|Any CPU
		{B9E032FD-9030-47BE-B3C5-FFBD90D05E7F}.Release|Any CPU.Build.0 = Release|Any CPU
	EndGlobalSection
	GlobalSection(SolutionProperties) = preSolution
		HideSolutionNode = FALSE
	EndGlobalSection
	GlobalSection(ExtensibilityGlobals) = postSolution
		SolutionGuid = {5BF347E6-C805-4BC2-8063-6A1AF0EFB222}
	EndGlobalSection
EndGlobal
